
Microsoft Visual Studio Solution File, Format Version 12.00
# Visual Studio Version 17
VisualStudioVersion = 17.7.34031.279
MinimumVisualStudioVersion = 10.0.40219.1
Project("{9A19103F-16F7-4668-BE54-9A1E7A4F7556}") = "PageRazor", "PageRazor\PageRazor.csproj", "{460F03FD-9DCF-45E4-9F84-57F95BC12FEA}"
EndProject
Global
	GlobalSection(SolutionConfigurationPlatforms) = preSolution
		Debug|Any CPU = Debug|Any CPU
		Release|Any CPU = Release|Any CPU
	EndGlobalSection
	GlobalSection(ProjectConfigurationPlatforms) = postSolution
		{460F03FD-9DCF-45E4-9F84-57F95BC12FEA}.Debug|Any CPU.ActiveCfg = Debug|Any CPU
		{460F03FD-9DCF-45E4-9F84-57F95BC12FEA}.Debug|Any CPU.Build.0 = Debug|Any CPU
		{460F03FD-9DCF-45E4-9F84-57F95BC12FEA}.Release|Any CPU.ActiveCfg = Release|Any CPU
		{460F03FD-9DCF-45E4-9F84-57F95BC12FEA}.Release|Any CPU.Build.0 = Release|Any CPU
	EndGlobalSection
	GlobalSection(SolutionProperties) = preSolution
		HideSolutionNode = FALSE
	EndGlobalSection
	GlobalSection(ExtensibilityGlobals) = postSolution
		SolutionGuid = {FED36084-2E58-4BBD-8139-FAFE05D80EA3}
	EndGlobalSection
EndGlobal
